
Microsoft Visual Studio Solution File, Format Version 12.00
# Visual Studio Version 17
VisualStudioVersion = 17.2.32526.322
MinimumVisualStudioVersion = 10.0.40219.1
Project("{FAE04EC0-301F-11D3-BF4B-00C04F79EFBC}") = "Wulveagfin.NKeys", "Wulveagfin.NKeys\Wulveagfin.NKeys.csproj", "{EF8CCF3F-F812-435C-90EF-524013B81202}"
EndProject
Project("{2150E333-8FDC-42A3-9474-1A3956D46DE8}") = "Tests", "Tests", "{25CD4F14-1211-4604-B315-64BD17326A43}"
EndProject
Project("{FAE04EC0-301F-11D3-BF4B-00C04F79EFBC}") = "Wulveagfin.NKeyHash.Generator", "Wulveagfin.NKeyHash.Generator\Wulveagfin.NKeyHash.Generator.csproj", "{E2391D8B-7018-4241-8733-F2B7D24F01A0}"
EndProject
Project("{FAE04EC0-301F-11D3-BF4B-00C04F79EFBC}") = "Wulveagfin.NKeyHash.Test", "Wulveagfin.NKeyHash.Test\Wulveagfin.NKeyHash.Test.csproj", "{DA967BD6-6DD2-45DA-A673-4E52724D0FBF}"
EndProject
Global
	GlobalSection(SolutionConfigurationPlatforms) = preSolution
		Debug|Any CPU = Debug|Any CPU
		Release|Any CPU = Release|Any CPU
	EndGlobalSection
	GlobalSection(ProjectConfigurationPlatforms) = postSolution
		{EF8CCF3F-F812-435C-90EF-524013B81202}.Debug|Any CPU.ActiveCfg = Debug|Any CPU
		{EF8CCF3F-F812-435C-90EF-524013B81202}.Debug|Any CPU.Build.0 = Debug|Any CPU
		{EF8CCF3F-F812-435C-90EF-524013B81202}.Release|Any CPU.ActiveCfg = Release|Any CPU
		{EF8CCF3F-F812-435C-90EF-524013B81202}.Release|Any CPU.Build.0 = Release|Any CPU
		{E2391D8B-7018-4241-8733-F2B7D24F01A0}.Debug|Any CPU.ActiveCfg = Debug|Any CPU
		{E2391D8B-7018-4241-8733-F2B7D24F01A0}.Debug|Any CPU.Build.0 = Debug|Any CPU
		{E2391D8B-7018-4241-8733-F2B7D24F01A0}.Release|Any CPU.ActiveCfg = Release|Any CPU
		{E2391D8B-7018-4241-8733-F2B7D24F01A0}.Release|Any CPU.Build.0 = Release|Any CPU
		{DA967BD6-6DD2-45DA-A673-4E52724D0FBF}.Debug|Any CPU.ActiveCfg = Debug|Any CPU
		{DA967BD6-6DD2-45DA-A673-4E52724D0FBF}.Debug|Any CPU.Build.0 = Debug|Any CPU
		{DA967BD6-6DD2-45DA-A673-4E52724D0FBF}.Release|Any CPU.ActiveCfg = Release|Any CPU
		{DA967BD6-6DD2-45DA-A673-4E52724D0FBF}.Release|Any CPU.Build.0 = Release|Any CPU
	EndGlobalSection
	GlobalSection(SolutionProperties) = preSolution
		HideSolutionNode = FALSE
	EndGlobalSection
	GlobalSection(NestedProjects) = preSolution
		{DA967BD6-6DD2-45DA-A673-4E52724D0FBF} = {25CD4F14-1211-4604-B315-64BD17326A43}
	EndGlobalSection
	GlobalSection(ExtensibilityGlobals) = postSolution
		SolutionGuid = {4DE12130-4465-4254-BAAD-E98181878186}
	EndGlobalSection
EndGlobal
